github.com/Microsoft/go-winio v0.6.2 h1:DXZKNqBVQNRq0/TzFPnkKZbCek3Uj7BZmEZhXa6U3PE=
github.com/Microsoft/go-winio v0.6.2/go.mod h1:R/+04UJ/R94sEJHRkYO/IhZJP4QDhc/gCl5P3bJXbHI=
github.com/cespare/xxhash/v2 v2.3.0 h1:UL815x39g5xEfpXDRt2Qf5A6vS8IZCRR7tLLNzFcT80=
github.com/cespare/xxhash/v2 v2.3.0/go.mod h1:NV659B6r2eNulNuI7Jkp/CtmR0bp8AJnIMkIABZkBx0=
github.com/davecgh/go-spew v1.1.1 h1:vj9j/u1bqnvCEfJOwYGvRvRv551/14+Tn1jGHEfT4Ao=
github.com/davecgh/go-spew v1.1.1/go.mod h1:J7Y3Hc3JgKqSOr7qdGYRiXreupfZk6n7Kz3XXWMp6E=
github.com/dustin/go-humanize v1.0.1 h1:GzWIYURcOg1S1ziP0gVigIfJvzKwL8e3FfSfp8gGGnI=
github.com/dustin/go-humanize v1.0.1/go.mod h1:FWoB6iQQvLFa1Wi3oWmOSBoqDHM3SjC2L3EMwGX3P4o=
github.com/gorilla/websocket v1.5.3 h1:vbz8DP1p5L6hKqC6JMRX12K5Z+4vEM3I+n/7mqrbBbw=
github.com/gorilla/websocket v1.5.3/go.mod h1:x9/qi7pMZ6kbW8MhDU/C4r2sLwHKj0aBt3q3qEiE3q0=
github.com/joho/godotenv v1.5.1 h1:7eLL/+HRgiQd3KFnSQFFgeWZ8WAYKSgIp6BXUqbZFM4=
github.com/joho/godotenv v1.5.1/go.mod h1:fRQhV4RqIuQCjnCZXQvPBUq5G0vmjMhP5sBPJVMHRoQ=
github.com/pmezard/go-difflib v1.0.0 h1:4JDwzPvEJM0IxfZ3KyBtjirWQUfB4jijlGjMKwO70aM=
github.com/pmezard/go-difflib v1.0.0/go.mod h1:iKD70j8XKqMj1rsMoAlyvOgMBS8dIiD9q5HToMv0u5g=
github.com/stretchr/testify v1.10.0 h1:Xtv5PHCZS5nX2InISMIQ4MlVfRedD++7WWxbhHfy2gQ=
github.com/stretchr/testify v1.10.0/go.mod h1:rOd0Zv0Gm8i9BsalHrhumjJlN6RxZHi2YvFXJMSE8BU=
github.com/yuin/goldmark v1.4.13/go.mod h1:6yULJ656Px+3vBDiDxQ4XGpP9dRyc5aDxkd6mSbJ5zU=
golang.org/x/crypto v0.31.0 h1:lZW/nawGzONNFpqVctbkEzdj3cFE+GaG4M3erH3b8Bg=
golang.org/x/crypto v0.31.0/go.mod h1:rAwlO+7wSrvI/ZF6x/qEgFIoNAQoKUiWQR/OERf07Ik=
golang.org/x/net v0.33.0 h1:4T6m2SwewhChb9zHQRZ0cANkHsC3I2sS1+cmDKG8cmI=
golang.org/x/net v0.33.0/go.mod h1:HXHUOa1CiSqhDI8KBfOfrBGM51IhRpYnakYt2SVY7Qc=
golang.org/x/sys v0.28.0 h1:F4XzIUMMIw1mh+X5G6MrGrxnxW2JTJ1h3AiQSjDNxjk=
golang.org/x/sys v0.28.0/go.mod h1:/VUhepiaJMQUp445v93za/X2EJ1vdX0j861DWOa08=
golang.org/x/term v0.30.0 h1:PQ39f1jZbGktcTGV0SZyHrUz+TTZyYUYBYCr13gA+hs=
golang.org/x/term v0.30.0/go.mod h1:Hrnz1/A2XMvBWTmUz+Jy/cPmNt3ZU5a9SQiPbF14H1w=
golang.org/x/text v0.21.0 h1:zQ0MfBTds+hiEwGvhO9rKvNHfG8FNtKKP4dqGMBiLsA=
golang.org/x/text v0.21.0/go.mod h1:q6leSj3aP4XMTgQfoBvevOZ37KnMSjKAA9bG2SXNVM=
google.golang.org/genproto/googleapis/api v0.0.0-20250106134853-3df5c89df1c6 h1:p58v2O6CGw3lJuoGQX2iFCbxY+p4H8lQZmYp2fYmNMY=
google.golang.org/genproto/googleapis/api v0.0.0-20250106134853-3df5c89df1c6/go.mod h1:7eB9W2LlCfmqYqGqagz5sXKOLPzPHGb2ZarlA1SfDZg=
google.golang.org/genproto/googleapis/rpc v0.0.0-20250106134853-3df5c89df1c6 h1:1wkNJnTmsP9PfnTiBtGmt3GMFQe/NBfAjJi0L6C+YQ=
google.golang.org/genproto/googleapis/rpc v0.0.0-20250106134853-3df5c89df1c6/go.mod h1:1kO5KQQ6aLXDDtw1LCqeAddZacMnMtIOBAeaNlDOPgk=
google.golang.org/grpc v1.70.0 h1:+7j6SvuX0yP86IJfzLTNrcZoiqHWSYrK7qUHz1MVvzM=
google.golang.org/grpc v1.70.0/go.mod h1:IaUE7/IkiAruGmGur2wpKwieHPhgInYe7ebNpKzVuU=
google.golang.org/protobuf v1.36.11 h1:fY6h75eS+Aq8/oVPlbiyvY610mGnG80xXQHcx4qZPzU=
google.golang.org/protobuf v1.36.11/go.mod h1:HTiZ/HUV/oFT2kTqxM9nWvqEM0FIyv+O4QXhzx1vpiI=
gopkg.in/yaml.v3 v3.0.1 h1:FcV9n0kxsQdMGHCdCCJhA0vhMCRE3hYmPL9032f90r0=
gopkg.in/yaml.v3 v3.0.1/go.mod h1:K4uyz/7l0MoHdDTTNlPOGyOjKFI8hIoWvCDKP+gBZo=
